
Microsoft Visual Studio Solution File, Format Version 12.00
# Visual Studio Version 17
VisualStudioVersion = 17.4.33205.214
MinimumVisualStudioVersion = 10.0.40219.1
Project("{FAE04EC0-301F-11D3-BF4B-00C04F79EFBC}") = "Pronia", "Pronia\Pronia.csproj", "{D353C572-813C-4E77-89F5-DA141FEEC8B1}"
EndProject
Global
	GlobalSection(SolutionConfigurationPlatforms) = preSolution
		Debug|Any CPU = Debug|Any CPU
		Release|Any CPU = Release|Any CPU
	EndGlobalSection
	GlobalSection(ProjectConfigurationPlatforms) = postSolution
		{D353C572-813C-4E77-89F5-DA141FEEC8B1}.Debug|Any CPU.ActiveCfg = Debug|Any CPU
		{D353C572-813C-4E77-89F5-DA141FEEC8B1}.Debug|Any CPU.Build.0 = Debug|Any CPU
		{D353C572-813C-4E77-89F5-DA141FEEC8B1}.Release|Any CPU.ActiveCfg = Release|Any CPU
		{D353C572-813C-4E77-89F5-DA141FEEC8B1}.Release|Any CPU.Build.0 = Release|Any CPU
	EndGlobalSection
	GlobalSection(SolutionProperties) = preSolution
		HideSolutionNode = FALSE
	EndGlobalSection
	GlobalSection(ExtensibilityGlobals) = postSolution
		SolutionGuid = {D0375C1D-F862-4BB3-9428-35ECFD7A689C}
	EndGlobalSection
EndGlobal
